
Microsoft Visual Studio Solution File, Format Version 12.00
# Visual Studio Version 16
VisualStudioVersion = 16.0.31729.503
MinimumVisualStudioVersion = 10.0.40219.1
Project("{8BC9CEB8-8B4A-11D0-8D11-00A0C91BC942}") = "HomeWork_Fuction_Overloding", "HomeWork_Fuction_Overloding\HomeWork_Fuction_Overloding.vcxproj", "{E3338FB1-41EE-4249-8C2F-FA280E8A861D}"
EndProject
Global
	GlobalSection(SolutionConfigurationPlatforms) = preSolution
		Debug|ARM = Debug|ARM
		Debug|x64 = Debug|x64
		Debug|x86 = Debug|x86
		Release|ARM = Release|ARM
		Release|x64 = Release|x64
		Release|x86 = Release|x86
	EndGlobalSection
	GlobalSection(ProjectConfigurationPlatforms) = postSolution
		{E3338FB1-41EE-4249-8C2F-FA280E8A861D}.Debug|ARM.ActiveCfg = Debug|ARM
		{E3338FB1-41EE-4249-8C2F-FA280E8A861D}.Debug|ARM.Build.0 = Debug|ARM
		{E3338FB1-41EE-4249-8C2F-FA280E8A861D}.Debug|x64.ActiveCfg = Debug|x64
		{E3338FB1-41EE-4249-8C2F-FA280E8A861D}.Debug|x64.Build.0 = Debug|x64
		{E3338FB1-41EE-4249-8C2F-FA280E8A861D}.Debug|x86.ActiveCfg = Debug|Win32
		{E3338FB1-41EE-4249-8C2F-FA280E8A861D}.Debug|x86.Build.0 = Debug|Win32
		{E3338FB1-41EE-4249-8C2F-FA280E8A861D}.Release|ARM.ActiveCfg = Release|ARM
		{E3338FB1-41EE-4249-8C2F-FA280E8A861D}.Release|ARM.Build.0 = Release|ARM
		{E3338FB1-41EE-4249-8C2F-FA280E8A861D}.Release|x64.ActiveCfg = Release|x64
		{E3338FB1-41EE-4249-8C2F-FA280E8A861D}.Release|x64.Build.0 = Release|x64
		{E3338FB1-41EE-4249-8C2F-FA280E8A861D}.Release|x86.ActiveCfg = Release|Win32
		{E3338FB1-41EE-4249-8C2F-FA280E8A861D}.Release|x86.Build.0 = Release|Win32
	EndGlobalSection
	GlobalSection(SolutionProperties) = preSolution
		HideSolutionNode = FALSE
	EndGlobalSection
	GlobalSection(ExtensibilityGlobals) = postSolution
		SolutionGuid = {F7184BD1-8A5B-4E10-A595-893AA2CD30F5}
	EndGlobalSection
EndGlobal
